github.com/notedit/gst v0.0.5 h1:gnQn0T1IeQQ3oEIToQIwAgErO2TBHT00A9TsI13/ly4=
github.com/notedit/gst v0.0.5/go.mod h1:99yZ0oIrCg0xd2a1rn/1cjcUAHLAGTDxXLD1FQ5NpoM=
github.com/notedit/rtmp v0.0.0-20200515103915-6e314ac5b296 h1:brBlzvbaMQVfPzXFC8xI423QhSco867DfHPx8DBei00=
github.com/notedit/rtmp v0.0.0-20200515103915-6e314ac5b296/go.mod h1:vzuE21rowz+lT1NGsWbreIvYulgBpCGnQyeTyFblUHc=
github.com/notedit/rtmp v0.0.1 h1:dLTaBYV3A8GO69GpwNKnAlleYH577uk6OAGTvJhdheU=
github.com/notedit/rtmp v0.0.1/go.mod h1:vzuE21rowz+lT1NGsWbreIvYulgBpCGnQyeTyFblUHc=
github.com/notedit/rtmp v0.0.2 h1:5+to4yezKATiJgnrcETu9LbV5G/QsWkOV9Ts2M/p33w=
github.com/notedit/rtmp v0.0.2/go.mod h1:vzuE21rowz+lT1NGsWbreIvYulgBpCGnQyeTyFblUHc=
github.com/notedit/vcodec-go v0.0.3 h1:VYKbVtJfMcJ/WzQSM9DUJazUDgMqzoqBirs5c2DMQxg=
github.com/notedit/vcodec-go v0.0.3/go.mod h1:niXuB5llIu2I4hwGu6UNoaxwU5/FYWVxnSEs/X2rNqg=
