github.com/notedit/gst v0.0.4 h1:n47Z8utCJX+4Tjm8r4yFWVnf/S8tab6MlSfBhVrQodk=
github.com/notedit/gst v0.0.4/go.mod h1:99yZ0oIrCg0xd2a1rn/1cjcUAHLAGTDxXLD1FQ5NpoM=
github.com/notedit/rtmp v0.0.1 h1:dLTaBYV3A8GO69GpwNKnAlleYH577uk6OAGTvJhdheU=
github.com/notedit/rtmp v0.0.1/go.mod h1:vzuE21rowz+lT1NGsWbreIvYulgBpCGnQyeTyFblUHc=
