github.com/notedit/gst v0.0.5 h1:gnQn0T1IeQQ3oEIToQIwAgErO2TBHT00A9TsI13/ly4=
github.com/notedit/gst v0.0.5/go.mod h1:99yZ0oIrCg0xd2a1rn/1cjcUAHLAGTDxXLD1FQ5NpoM=
github.com/notedit/rtmp v0.0.2 h1:5+to4yezKATiJgnrcETu9LbV5G/QsWkOV9Ts2M/p33w=
github.com/notedit/rtmp v0.0.2/go.mod h1:vzuE21rowz+lT1NGsWbreIvYulgBpCGnQyeTyFblUHc=
